// !$*UTF8*$!
{
	archiveVersion = 1;
	classes = {
	};
	objectVersion = 56;
	objects = {

/* Begin PBXBuildFile section */
		133893362E2FA9D100EE46B4 /* Alamofire in Frameworks */ = {isa = PBXBuildFile; productRef = 133893352E2FA9D100EE46B4 /* Alamofire */; };
		1392B1A12E2FA00000000001 /* CinemarkApp.swift in Sources */ = {isa = PBXBuildFile; fileRef = 1392B1A02E2FA00000000001 /* CinemarkApp.swift */; };
		1392B1A32E2FA00000000002 /* Movie.swift in Sources */ = {isa = PBXBuildFile; fileRef = 1392B1A22E2FA00000000002 /* Movie.swift */; };
		1392B1A52E2FA00000000003 /* Person.swift in Sources */ = {isa = PBXBuildFile; fileRef = 1392B1A42E2FA00000000003 /* Person.swift */; };
		1392B1A72E2FA00000000004 /* ResponseDTO.swift in Sources */ = {isa = PBXBuildFile; fileRef = 1392B1A62E2FA00000000004 /* ResponseDTO.swift */; };
		1392B1A92E2FA00000000005 /* TV.swift in Sources */ = {isa = PBXBuildFile; fileRef = 1392B1A82E2FA00000000005 /* TV.swift */; };
		1392B1AB2E2FA00000000006 /* APIEndpoints.swift in Sources */ = {isa = PBXBuildFile; fileRef = 1392B1AA2E2FA00000000006 /* APIEndpoints.swift */; };
		1392B1AD2E2FA00000000007 /* NetworkError.swift in Sources */ = {isa = PBXBuildFile; fileRef = 1392B1AC2E2FA00000000007 /* NetworkError.swift */; };
		1392B1AF2E2FA00000000008 /* NetworkLogger.swift in Sources */ = {isa = PBXBuildFile; fileRef = 1392B1AE2E2FA00000000008 /* NetworkLogger.swift */; };
		1392B1B12E2FA00000000009 /* NetworkService.swift in Sources */ = {isa = PBXBuildFile; fileRef = 1392B1B02E2FA00000000009 /* NetworkService.swift */; };
		1392B1B32E2FA0000000000A /* SecretDecoder.swift in Sources */ = {isa = PBXBuildFile; fileRef = 1392B1B22E2FA0000000000A /* SecretDecoder.swift */; };
		1392B1B52E2FA0000000000B /* JSONLoader.swift in Sources */ = {isa = PBXBuildFile; fileRef = 1392B1B42E2FA0000000000B /* JSONLoader.swift */; };
		1392B1B72E2FA0000000000C /* MockNetworkService.swift in Sources */ = {isa = PBXBuildFile; fileRef = 1392B1B62E2FA0000000000C /* MockNetworkService.swift */; };
		1392B1B92E2FA0000000000D /* PersonEndpointTests.swift in Sources */ = {isa = PBXBuildFile; fileRef = 1392B1B82E2FA0000000000D /* PersonEndpointTests.swift */; };
		1392B1BB2E2FA0000000000E /* TVEndpointTests.swift in Sources */ = {isa = PBXBuildFile; fileRef = 1392B1BA2E2FA0000000000E /* TVEndpointTests.swift */; };
		1392B1BD2E2FA0000000000F /* MovieEndpointTests.swift in Sources */ = {isa = PBXBuildFile; fileRef = 1392B1BC2E2FA0000000000F /* MovieEndpointTests.swift */; };
		1392B1BF2E2FA00000000010 /* Assets.xcassets in Resources */ = {isa = PBXBuildFile; fileRef = 1392B1BE2E2FA00000000010 /* Assets.xcassets */; };
/* End PBXBuildFile section */

/* Begin PBXContainerItemProxy section */
		1392B17B2E2D323C00FADCE8 /* PBXContainerItemProxy */ = {
			isa = PBXContainerItemProxy;
			containerPortal = 1392B1352E2CE6C000FADCE8 /* Project object */;
			proxyType = 1;
			remoteGlobalIDString = 1392B13C2E2CE6C000FADCE8;
			remoteInfo = Cinemark;
		};
/* End PBXContainerItemProxy section */

/* Begin PBXFileReference section */
		1392B13D2E2CE6C000FADCE8 /* Cinemark.app */ = {isa = PBXFileReference; explicitFileType = wrapper.application; includeInIndex = 0; path = Cinemark.app; sourceTree = BUILT_PRODUCTS_DIR; };
		1392B1772E2D323C00FADCE8 /* CinemarkTests.xctest */ = {isa = PBXFileReference; explicitFileType = wrapper.cfbundle; includeInIndex = 0; path = CinemarkTests.xctest; sourceTree = BUILT_PRODUCTS_DIR; };
		1392B1A02E2FA00000000001 /* CinemarkApp.swift */ = {isa = PBXFileReference; fileEncoding = 4; lastKnownFileType = sourcecode.swift; path = CinemarkApp.swift; sourceTree = "<group>"; };
		1392B1A22E2FA00000000002 /* Movie.swift */ = {isa = PBXFileReference; fileEncoding = 4; lastKnownFileType = sourcecode.swift; path = Movie.swift; sourceTree = "<group>"; };
		1392B1A42E2FA00000000003 /* Person.swift */ = {isa = PBXFileReference; fileEncoding = 4; lastKnownFileType = sourcecode.swift; path = Person.swift; sourceTree = "<group>"; };
		1392B1A62E2FA00000000004 /* ResponseDTO.swift */ = {isa = PBXFileReference; fileEncoding = 4; lastKnownFileType = sourcecode.swift; path = ResponseDTO.swift; sourceTree = "<group>"; };
		1392B1A82E2FA00000000005 /* TV.swift */ = {isa = PBXFileReference; fileEncoding = 4; lastKnownFileType = sourcecode.swift; path = TV.swift; sourceTree = "<group>"; };
		1392B1AA2E2FA00000000006 /* APIEndpoints.swift */ = {isa = PBXFileReference; fileEncoding = 4; lastKnownFileType = sourcecode.swift; path = APIEndpoints.swift; sourceTree = "<group>"; };
		1392B1AC2E2FA00000000007 /* NetworkError.swift */ = {isa = PBXFileReference; fileEncoding = 4; lastKnownFileType = sourcecode.swift; path = NetworkError.swift; sourceTree = "<group>"; };
		1392B1AE2E2FA00000000008 /* NetworkLogger.swift */ = {isa = PBXFileReference; fileEncoding = 4; lastKnownFileType = sourcecode.swift; path = NetworkLogger.swift; sourceTree = "<group>"; };
		1392B1B02E2FA00000000009 /* NetworkService.swift */ = {isa = PBXFileReference; fileEncoding = 4; lastKnownFileType = sourcecode.swift; path = NetworkService.swift; sourceTree = "<group>"; };
		1392B1B22E2FA0000000000A /* SecretDecoder.swift */ = {isa = PBXFileReference; fileEncoding = 4; lastKnownFileType = sourcecode.swift; path = SecretDecoder.swift; sourceTree = "<group>"; };
		1392B1B42E2FA0000000000B /* JSONLoader.swift */ = {isa = PBXFileReference; fileEncoding = 4; lastKnownFileType = sourcecode.swift; path = JSONLoader.swift; sourceTree = "<group>"; };
		1392B1B62E2FA0000000000C /* MockNetworkService.swift */ = {isa = PBXFileReference; fileEncoding = 4; lastKnownFileType = sourcecode.swift; path = MockNetworkService.swift; sourceTree = "<group>"; };
		1392B1B82E2FA0000000000D /* PersonEndpointTests.swift */ = {isa = PBXFileReference; fileEncoding = 4; lastKnownFileType = sourcecode.swift; path = PersonEndpointTests.swift; sourceTree = "<group>"; };
		1392B1BA2E2FA0000000000E /* TVEndpointTests.swift */ = {isa = PBXFileReference; fileEncoding = 4; lastKnownFileType = sourcecode.swift; path = TVEndpointTests.swift; sourceTree = "<group>"; };
		1392B1BC2E2FA0000000000F /* MovieEndpointTests.swift */ = {isa = PBXFileReference; fileEncoding = 4; lastKnownFileType = sourcecode.swift; path = MovieEndpointTests.swift; sourceTree = "<group>"; };
		1392B1BE2E2FA00000000010 /* Assets.xcassets */ = {isa = PBXFileReference; lastKnownFileType = folder.assetcatalog; path = Assets.xcassets; sourceTree = "<group>"; };
		1392B1C02E2FA00000000011 /* Info.plist */ = {isa = PBXFileReference; fileEncoding = 4; lastKnownFileType = text.plist.xml; path = Info.plist; sourceTree = "<group>"; };
/* End PBXFileReference section */

/* Begin PBXFrameworksBuildPhase section */
		1392B13A2E2CE6C000FADCE8 /* Frameworks */ = {
			isa = PBXFrameworksBuildPhase;
			buildActionMask = 2147483647;
			files = (
				133893362E2FA9D100EE46B4 /* Alamofire in Frameworks */,
			);
			runOnlyForDeploymentPostprocessing = 0;
		};
		1392B1742E2D323C00FADCE8 /* Frameworks */ = {
			isa = PBXFrameworksBuildPhase;
			buildActionMask = 2147483647;
			files = (
			);
			runOnlyForDeploymentPostprocessing = 0;
		};
/* End PBXFrameworksBuildPhase section */

/* Begin PBXGroup section */
		1392B1342E2CE6C000FADCE8 = {
			isa = PBXGroup;
			children = (
				1392B13F2E2CE6C000FADCE8 /* Cinemark */,
				1392B1782E2D323C00FADCE8 /* CinemarkTests */,
				1392B13E2E2CE6C000FADCE8 /* Products */,
			);
			sourceTree = "<group>";
		};
		1392B13E2E2CE6C000FADCE8 /* Products */ = {
			isa = PBXGroup;
			children = (
				1392B13D2E2CE6C000FADCE8 /* Cinemark.app */,
				1392B1772E2D323C00FADCE8 /* CinemarkTests.xctest */,
			);
			name = Products;
			sourceTree = "<group>";
		};
		1392B13F2E2CE6C000FADCE8 /* Cinemark */ = {
			isa = PBXGroup;
			children = (
				1392B1C32E2FA00000000012 /* Application */,
				1392B1C42E2FA00000000013 /* Core */,
				1392B1C02E2FA00000000011 /* Info.plist */,
			);
			path = Cinemark;
			sourceTree = "<group>";
		};
		1392B1782E2D323C00FADCE8 /* CinemarkTests */ = {
			isa = PBXGroup;
			children = (
				1392B1C52E2FA00000000014 /* Network */,
			);
			path = CinemarkTests;
			sourceTree = "<group>";
		};
		1392B1C32E2FA00000000012 /* Application */ = {
			isa = PBXGroup;
			children = (
				1392B1A02E2FA00000000001 /* CinemarkApp.swift */,
			);
			path = Application;
			sourceTree = "<group>";
		};
		1392B1C42E2FA00000000013 /* Core */ = {
			isa = PBXGroup;
			children = (
				1392B1C62E2FA00000000015 /* Models */,
				1392B1C72E2FA00000000016 /* Network */,
				1392B1C82E2FA00000000017 /* UI */,
			);
			path = Core;
			sourceTree = "<group>";
		};
		1392B1C52E2FA00000000014 /* Network */ = {
			isa = PBXGroup;
			children = (
				1392B1B42E2FA0000000000B /* JSONLoader.swift */,
				1392B1B62E2FA0000000000C /* MockNetworkService.swift */,
				1392B1B82E2FA0000000000D /* PersonEndpointTests.swift */,
				1392B1BA2E2FA0000000000E /* TVEndpointTests.swift */,
				1392B1BC2E2FA0000000000F /* MovieEndpointTests.swift */,
			);
			path = Network;
			sourceTree = "<group>";
		};
		1392B1C62E2FA00000000015 /* Models */ = {
			isa = PBXGroup;
			children = (
				1392B1A22E2FA00000000002 /* Movie.swift */,
				1392B1A42E2FA00000000003 /* Person.swift */,
				1392B1A62E2FA00000000004 /* ResponseDTO.swift */,
				1392B1A82E2FA00000000005 /* TV.swift */,
			);
			path = Models;
			sourceTree = "<group>";
		};
		1392B1C72E2FA00000000016 /* Network */ = {
			isa = PBXGroup;
			children = (
				1392B1AA2E2FA00000000006 /* APIEndpoints.swift */,
				1392B1AC2E2FA00000000007 /* NetworkError.swift */,
				1392B1AE2E2FA00000000008 /* NetworkLogger.swift */,
				1392B1B02E2FA00000000009 /* NetworkService.swift */,
				1392B1B22E2FA0000000000A /* SecretDecoder.swift */,
			);
			path = Network;
			sourceTree = "<group>";
		};
		1392B1C82E2FA00000000017 /* UI */ = {
			isa = PBXGroup;
			children = (
				1392B1C92E2FA00000000018 /* Resources */,
			);
			path = UI;
			sourceTree = "<group>";
		};
		1392B1C92E2FA00000000018 /* Resources */ = {
			isa = PBXGroup;
			children = (
				1392B1BE2E2FA00000000010 /* Assets.xcassets */,
			);
			path = Resources;
			sourceTree = "<group>";
		};
/* End PBXGroup section */

/* Begin PBXNativeTarget section */
		1392B13C2E2CE6C000FADCE8 /* Cinemark */ = {
			isa = PBXNativeTarget;
			buildConfigurationList = 1392B1482E2CE6C100FADCE8 /* Build configuration list for PBXNativeTarget "Cinemark" */;
			buildPhases = (
				1392B1392E2CE6C000FADCE8 /* Sources */,
				1392B13A2E2CE6C000FADCE8 /* Frameworks */,
				1392B13B2E2CE6C000FADCE8 /* Resources */,
				133893332E2FA05E00EE46B4 /* ShellScript */,
			);
			buildRules = (
			);
			dependencies = (
			);
			name = Cinemark;
			packageProductDependencies = (
				133893352E2FA9D100EE46B4 /* Alamofire */,
			);
			productName = Cinemark;
			productReference = 1392B13D2E2CE6C000FADCE8 /* Cinemark.app */;
			productType = "com.apple.product-type.application";
		};
		1392B1762E2D323C00FADCE8 /* CinemarkTests */ = {
			isa = PBXNativeTarget;
			buildConfigurationList = 1392B17D2E2D323D00FADCE8 /* Build configuration list for PBXNativeTarget "CinemarkTests" */;
			buildPhases = (
				1392B1732E2D323C00FADCE8 /* Sources */,
				1392B1742E2D323C00FADCE8 /* Frameworks */,
				1392B1752E2D323C00FADCE8 /* Resources */,
			);
			buildRules = (
			);
			dependencies = (
				1392B17C2E2D323C00FADCE8 /* PBXTargetDependency */,
			);
			name = CinemarkTests;
			packageProductDependencies = (
			);
			productName = CinemarkTests;
			productReference = 1392B1772E2D323C00FADCE8 /* CinemarkTests.xctest */;
			productType = "com.apple.product-type.bundle.unit-test";
		};
/* End PBXNativeTarget section */

/* Begin PBXProject section */
		1392B1352E2CE6C000FADCE8 /* Project object */ = {
			isa = PBXProject;
			attributes = {
				BuildIndependentTargetsInParallel = YES;
				LastSwiftUpdateCheck = 1630;
				LastUpgradeCheck = 1640;
				TargetAttributes = {
					1392B13C2E2CE6C000FADCE8 = {
						CreatedOnToolsVersion = 16.3;
					};
					1392B1762E2D323C00FADCE8 = {
						CreatedOnToolsVersion = 16.3;
						LastSwiftMigration = 1630;
						TestTargetID = 1392B13C2E2CE6C000FADCE8;
					};
				};
			};
			buildConfigurationList = 1392B1382E2CE6C000FADCE8 /* Build configuration list for PBXProject "Cinemark" */;
			compatibilityVersion = "Xcode 14.0";
			developmentRegion = ru;
			hasScannedForEncodings = 0;
			knownRegions = (
				en,
				Base,
				ru,
			);
			mainGroup = 1392B1342E2CE6C000FADCE8;
			packageReferences = (
				133893342E2FA9D100EE46B4 /* XCRemoteSwiftPackageReference "Alamofire" */,
			);
			productRefGroup = 1392B13E2E2CE6C000FADCE8 /* Products */;
			projectDirPath = "";
			projectRoot = "";
			targets = (
				1392B13C2E2CE6C000FADCE8 /* Cinemark */,
				1392B1762E2D323C00FADCE8 /* CinemarkTests */,
			);
		};
/* End PBXProject section */

/* Begin PBXResourcesBuildPhase section */
		1392B13B2E2CE6C000FADCE8 /* Resources */ = {
			isa = PBXResourcesBuildPhase;
			buildActionMask = 2147483647;
			files = (
				1392B1BF2E2FA00000000010 /* Assets.xcassets in Resources */,
			);
			runOnlyForDeploymentPostprocessing = 0;
		};
		1392B1752E2D323C00FADCE8 /* Resources */ = {
			isa = PBXResourcesBuildPhase;
			buildActionMask = 2147483647;
			files = (
			);
			runOnlyForDeploymentPostprocessing = 0;
		};
/* End PBXResourcesBuildPhase section */

/* Begin PBXShellScriptBuildPhase section */
		133893332E2FA05E00EE46B4 /* ShellScript */ = {
			isa = PBXShellScriptBuildPhase;
			alwaysOutOfDate = 1;
			buildActionMask = 2147483647;
			files = (
			);
			inputFileListPaths = (
			);
			inputPaths = (
			);
			outputFileListPaths = (
			);
			outputPaths = (
			);
			runOnlyForDeploymentPostprocessing = 0;
			shellPath = /bin/sh;
			shellScript = "export PATH=\"$PATH:/opt/homebrew/bin:/usr/local/bin\"\n\nif which swiftlint >/dev/null; then\n  swiftlint\nelse\n  echo \"warning: Swiftlint not installed\"\nfi\n";
		};
/* End PBXShellScriptBuildPhase section */

/* Begin PBXSourcesBuildPhase section */
		1392B1392E2CE6C000FADCE8 /* Sources */ = {
			isa = PBXSourcesBuildPhase;
			buildActionMask = 2147483647;
			files = (
				1392B1A12E2FA00000000001 /* CinemarkApp.swift in Sources */,
				1392B1A32E2FA00000000002 /* Movie.swift in Sources */,
				1392B1A52E2FA00000000003 /* Person.swift in Sources */,
				1392B1A72E2FA00000000004 /* ResponseDTO.swift in Sources */,
				1392B1A92E2FA00000000005 /* TV.swift in Sources */,
				1392B1AB2E2FA00000000006 /* APIEndpoints.swift in Sources */,
				1392B1AD2E2FA00000000007 /* NetworkError.swift in Sources */,
				1392B1AF2E2FA00000000008 /* NetworkLogger.swift in Sources */,
				1392B1B12E2FA00000000009 /* NetworkService.swift in Sources */,
				1392B1B32E2FA0000000000A /* SecretDecoder.swift in Sources */,
			);
			runOnlyForDeploymentPostprocessing = 0;
		};
		1392B1732E2D323C00FADCE8 /* Sources */ = {
			isa = PBXSourcesBuildPhase;
			buildActionMask = 2147483647;
			files = (
				1392B1B52E2FA0000000000B /* JSONLoader.swift in Sources */,
				1392B1B72E2FA0000000000C /* MockNetworkService.swift in Sources */,
				1392B1B92E2FA0000000000D /* PersonEndpointTests.swift in Sources */,
				1392B1BB2E2FA0000000000E /* TVEndpointTests.swift in Sources */,
				1392B1BD2E2FA0000000000F /* MovieEndpointTests.swift in Sources */,
			);
			runOnlyForDeploymentPostprocessing = 0;
		};
/* End PBXSourcesBuildPhase section */

/* Begin PBXTargetDependency section */
		1392B17C2E2D323C00FADCE8 /* PBXTargetDependency */ = {
			isa = PBXTargetDependency;
			target = 1392B13C2E2CE6C000FADCE8 /* Cinemark */;
			targetProxy = 1392B17B2E2D323C00FADCE8 /* PBXContainerItemProxy */;
		};
/* End PBXTargetDependency section */

/* Begin XCBuildConfiguration section */
		1392B1462E2CE6C100FADCE8 /* Debug */ = {
			isa = XCBuildConfiguration;
			buildSettings = {
				ALWAYS_SEARCH_USER_PATHS = NO;
				ASSETCATALOG_COMPILER_GENERATE_SWIFT_ASSET_SYMBOL_EXTENSIONS = YES;
				CLANG_ANALYZER_LOCALIZABILITY_NONLOCALIZED = YES;
				CLANG_ANALYZER_NONNULL = YES;
				CLANG_ANALYZER_NUMBER_OBJECT_CONVERSION = YES_AGGRESSIVE;
				CLANG_CXX_LANGUAGE_STANDARD = "gnu++20";
				CLANG_ENABLE_MODULES = YES;
				CLANG_ENABLE_OBJC_ARC = YES;
				CLANG_ENABLE_OBJC_WEAK = YES;
				CLANG_WARN_BLOCK_CAPTURE_AUTORELEASING = YES;
				CLANG_WARN_BOOL_CONVERSION = YES;
				CLANG_WARN_COMMA = YES;
				CLANG_WARN_CONSTANT_CONVERSION = YES;
				CLANG_WARN_DEPRECATED_OBJC_IMPLEMENTATIONS = YES;
				CLANG_WARN_DIRECT_OBJC_ISA_USAGE = YES_ERROR;
				CLANG_WARN_DOCUMENTATION_COMMENTS = YES;
				CLANG_WARN_EMPTY_BODY = YES;
				CLANG_WARN_ENUM_CONVERSION = YES;
				CLANG_WARN_INFINITE_RECURSION = YES;
				CLANG_WARN_INT_CONVERSION = YES;
				CLANG_WARN_NON_LITERAL_NULL_CONVERSION = YES;
				CLANG_WARN_OBJC_IMPLICIT_RETAIN_SELF = YES;
				CLANG_WARN_OBJC_LITERAL_CONVERSION = YES;
				CLANG_WARN_OBJC_ROOT_CLASS = YES_ERROR;
				CLANG_WARN_QUOTED_INCLUDE_IN_FRAMEWORK_HEADER = YES;
				CLANG_WARN_RANGE_LOOP_ANALYSIS = YES;
				CLANG_WARN_STRICT_PROTOTYPES = YES;
				CLANG_WARN_SUSPICIOUS_MOVE = YES;
				CLANG_WARN_UNGUARDED_AVAILABILITY = YES_AGGRESSIVE;
				CLANG_WARN_UNREACHABLE_CODE = YES;
				CLANG_WARN__DUPLICATE_METHOD_MATCH = YES;
				COPY_PHASE_STRIP = NO;
				DEBUG_INFORMATION_FORMAT = dwarf;
				DEVELOPMENT_TEAM = 9WVBG69A9A;
				ENABLE_STRICT_OBJC_MSGSEND = YES;
				ENABLE_TESTABILITY = YES;
				ENABLE_USER_SCRIPT_SANDBOXING = NO;
				GCC_C_LANGUAGE_STANDARD = gnu17;
				GCC_DYNAMIC_NO_PIC = NO;
				GCC_NO_COMMON_BLOCKS = YES;
				GCC_OPTIMIZATION_LEVEL = 0;
				GCC_PREPROCESSOR_DEFINITIONS = (
					"DEBUG=1",
					"$(inherited)",
				);
				GCC_WARN_64_TO_32_BIT_CONVERSION = YES;
				GCC_WARN_ABOUT_RETURN_TYPE = YES_ERROR;
				GCC_WARN_UNDECLARED_SELECTOR = YES;
				GCC_WARN_UNINITIALIZED_AUTOS = YES_AGGRESSIVE;
				GCC_WARN_UNUSED_FUNCTION = YES;
				GCC_WARN_UNUSED_VARIABLE = YES;
				IPHONEOS_DEPLOYMENT_TARGET = 17.2;
				LOCALIZATION_PREFERS_STRING_CATALOGS = YES;
				MTL_ENABLE_DEBUG_INFO = INCLUDE_SOURCE;
				MTL_FAST_MATH = YES;
				ONLY_ACTIVE_ARCH = YES;
				SDKROOT = iphoneos;
				SWIFT_ACTIVE_COMPILATION_CONDITIONS = "DEBUG $(inherited)";
				SWIFT_OPTIMIZATION_LEVEL = "-Onone";
			};
			name = Debug;
		};
		1392B1472E2CE6C100FADCE8 /* Release */ = {
			isa = XCBuildConfiguration;
			buildSettings = {
				ALWAYS_SEARCH_USER_PATHS = NO;
				ASSETCATALOG_COMPILER_GENERATE_SWIFT_ASSET_SYMBOL_EXTENSIONS = YES;
				CLANG_ANALYZER_LOCALIZABILITY_NONLOCALIZED = YES;
				CLANG_ANALYZER_NONNULL = YES;
				CLANG_ANALYZER_NUMBER_OBJECT_CONVERSION = YES_AGGRESSIVE;
				CLANG_CXX_LANGUAGE_STANDARD = "gnu++20";
				CLANG_ENABLE_MODULES = YES;
				CLANG_ENABLE_OBJC_ARC = YES;
				CLANG_ENABLE_OBJC_WEAK = YES;
				CLANG_WARN_BLOCK_CAPTURE_AUTORELEASING = YES;
				CLANG_WARN_BOOL_CONVERSION = YES;
				CLANG_WARN_COMMA = YES;
				CLANG_WARN_CONSTANT_CONVERSION = YES;
				CLANG_WARN_DEPRECATED_OBJC_IMPLEMENTATIONS = YES;
				CLANG_WARN_DIRECT_OBJC_ISA_USAGE = YES_ERROR;
				CLANG_WARN_DOCUMENTATION_COMMENTS = YES;
				CLANG_WARN_EMPTY_BODY = YES;
				CLANG_WARN_ENUM_CONVERSION = YES;
				CLANG_WARN_INFINITE_RECURSION = YES;
				CLANG_WARN_INT_CONVERSION = YES;
				CLANG_WARN_NON_LITERAL_NULL_CONVERSION = YES;
				CLANG_WARN_OBJC_IMPLICIT_RETAIN_SELF = YES;
				CLANG_WARN_OBJC_LITERAL_CONVERSION = YES;
				CLANG_WARN_OBJC_ROOT_CLASS = YES_ERROR;
				CLANG_WARN_QUOTED_INCLUDE_IN_FRAMEWORK_HEADER = YES;
				CLANG_WARN_RANGE_LOOP_ANALYSIS = YES;
				CLANG_WARN_STRICT_PROTOTYPES = YES;
				CLANG_WARN_SUSPICIOUS_MOVE = YES;
				CLANG_WARN_UNGUARDED_AVAILABILITY = YES_AGGRESSIVE;
				CLANG_WARN_UNREACHABLE_CODE = YES;
				CLANG_WARN__DUPLICATE_METHOD_MATCH = YES;
				COPY_PHASE_STRIP = NO;
				DEBUG_INFORMATION_FORMAT = "dwarf-with-dsym";
				DEVELOPMENT_TEAM = 9WVBG69A9A;
				ENABLE_NS_ASSERTIONS = NO;
				ENABLE_STRICT_OBJC_MSGSEND = YES;
				ENABLE_USER_SCRIPT_SANDBOXING = NO;
				GCC_C_LANGUAGE_STANDARD = gnu17;
				GCC_NO_COMMON_BLOCKS = YES;
				GCC_WARN_64_TO_32_BIT_CONVERSION = YES;
				GCC_WARN_ABOUT_RETURN_TYPE = YES_ERROR;
				GCC_WARN_UNDECLARED_SELECTOR = YES;
				GCC_WARN_UNINITIALIZED_AUTOS = YES_AGGRESSIVE;
				GCC_WARN_UNUSED_FUNCTION = YES;
				GCC_WARN_UNUSED_VARIABLE = YES;
				IPHONEOS_DEPLOYMENT_TARGET = 17.2;
				LOCALIZATION_PREFERS_STRING_CATALOGS = YES;
				MTL_ENABLE_DEBUG_INFO = NO;
				MTL_FAST_MATH = YES;
				SDKROOT = iphoneos;
				SWIFT_COMPILATION_MODE = wholemodule;
				VALIDATE_PRODUCT = YES;
			};
			name = Release;
		};
		1392B1492E2CE6C100FADCE8 /* Debug */ = {
			isa = XCBuildConfiguration;
			buildSettings = {
				ASSETCATALOG_COMPILER_APPICON_NAME = AppIcon;
				ASSETCATALOG_COMPILER_GLOBAL_ACCENT_COLOR_NAME = AccentColor;
				CODE_SIGN_STYLE = Automatic;
				CURRENT_PROJECT_VERSION = 1;
				DEVELOPMENT_TEAM = 9WVBG69A9A;
				ENABLE_PREVIEWS = YES;
				GENERATE_INFOPLIST_FILE = YES;
				INFOPLIST_FILE = Cinemark/Info.plist;
				INFOPLIST_KEY_CFBundleDisplayName = Cinemark;
				INFOPLIST_KEY_LSApplicationCategoryType = "public.app-category.entertainment";
				INFOPLIST_KEY_UIApplicationSceneManifest_Generation = YES;
				INFOPLIST_KEY_UIApplicationSupportsIndirectInputEvents = YES;
				INFOPLIST_KEY_UILaunchScreen_Generation = YES;
				INFOPLIST_KEY_UISupportedInterfaceOrientations = UIInterfaceOrientationPortrait;
				INFOPLIST_KEY_UISupportedInterfaceOrientations_iPad = "UIInterfaceOrientationLandscapeLeft UIInterfaceOrientationLandscapeRight UIInterfaceOrientationPortrait UIInterfaceOrientationPortraitUpsideDown";
				IPHONEOS_DEPLOYMENT_TARGET = 17.2;
				LD_RUNPATH_SEARCH_PATHS = (
					"$(inherited)",
					"@executable_path/Frameworks",
				);
				MARKETING_VERSION = 1.0;
				PRODUCT_BUNDLE_IDENTIFIER = yuldshev.Cinemark;
				PRODUCT_NAME = "$(TARGET_NAME)";
				SUPPORTED_PLATFORMS = "iphoneos iphonesimulator";
				SUPPORTS_MACCATALYST = NO;
				SUPPORTS_MAC_DESIGNED_FOR_IPHONE_IPAD = NO;
				SUPPORTS_XR_DESIGNED_FOR_IPHONE_IPAD = NO;
				SWIFT_EMIT_LOC_STRINGS = YES;
				SWIFT_VERSION = 5.0;
				TARGETED_DEVICE_FAMILY = 1;
			};
			name = Debug;
		};
		1392B14A2E2CE6C100FADCE8 /* Release */ = {
			isa = XCBuildConfiguration;
			buildSettings = {
				ASSETCATALOG_COMPILER_APPICON_NAME = AppIcon;
				ASSETCATALOG_COMPILER_GLOBAL_ACCENT_COLOR_NAME = AccentColor;
				CODE_SIGN_STYLE = Automatic;
				CURRENT_PROJECT_VERSION = 1;
				DEVELOPMENT_TEAM = 9WVBG69A9A;
				ENABLE_PREVIEWS = YES;
				GENERATE_INFOPLIST_FILE = YES;
				INFOPLIST_FILE = Cinemark/Info.plist;
				INFOPLIST_KEY_CFBundleDisplayName = Cinemark;
				INFOPLIST_KEY_LSApplicationCategoryType = "public.app-category.entertainment";
				INFOPLIST_KEY_UIApplicationSceneManifest_Generation = YES;
				INFOPLIST_KEY_UIApplicationSupportsIndirectInputEvents = YES;
				INFOPLIST_KEY_UILaunchScreen_Generation = YES;
				INFOPLIST_KEY_UISupportedInterfaceOrientations = UIInterfaceOrientationPortrait;
				INFOPLIST_KEY_UISupportedInterfaceOrientations_iPad = "UIInterfaceOrientationLandscapeLeft UIInterfaceOrientationLandscapeRight UIInterfaceOrientationPortrait UIInterfaceOrientationPortraitUpsideDown";
				IPHONEOS_DEPLOYMENT_TARGET = 17.2;
				LD_RUNPATH_SEARCH_PATHS = (
					"$(inherited)",
					"@executable_path/Frameworks",
				);
				MARKETING_VERSION = 1.0;
				PRODUCT_BUNDLE_IDENTIFIER = yuldshev.Cinemark;
				PRODUCT_NAME = "$(TARGET_NAME)";
				SUPPORTED_PLATFORMS = "iphoneos iphonesimulator";
				SUPPORTS_MACCATALYST = NO;
				SUPPORTS_MAC_DESIGNED_FOR_IPHONE_IPAD = NO;
				SUPPORTS_XR_DESIGNED_FOR_IPHONE_IPAD = NO;
				SWIFT_EMIT_LOC_STRINGS = YES;
				SWIFT_VERSION = 5.0;
				TARGETED_DEVICE_FAMILY = 1;
			};
			name = Release;
		};
		1392B17E2E2D323D00FADCE8 /* Debug */ = {
			isa = XCBuildConfiguration;
			buildSettings = {
				BUNDLE_LOADER = "$(TEST_HOST)";
				CLANG_ENABLE_MODULES = YES;
				CODE_SIGN_STYLE = Automatic;
				CURRENT_PROJECT_VERSION = 1;
				DEVELOPMENT_TEAM = 9WVBG69A9A;
				GENERATE_INFOPLIST_FILE = YES;
				IPHONEOS_DEPLOYMENT_TARGET = 17.2;
				MARKETING_VERSION = 1.0;
				PRODUCT_BUNDLE_IDENTIFIER = yuldshev.CinemarkTests;
				PRODUCT_NAME = "$(TARGET_NAME)";
				SUPPORTED_PLATFORMS = "iphoneos iphonesimulator";
				SUPPORTS_MACCATALYST = NO;
				SUPPORTS_MAC_DESIGNED_FOR_IPHONE_IPAD = NO;
				SUPPORTS_XR_DESIGNED_FOR_IPHONE_IPAD = NO;
				SWIFT_EMIT_LOC_STRINGS = NO;
				SWIFT_OPTIMIZATION_LEVEL = "-Onone";
				SWIFT_VERSION = 5.0;
				TARGETED_DEVICE_FAMILY = 1;
				TEST_HOST = "$(BUILT_PRODUCTS_DIR)/Cinemark.app/$(BUNDLE_EXECUTABLE_FOLDER_PATH)/Cinemark";
			};
			name = Debug;
		};
		1392B17F2E2D323D00FADCE8 /* Release */ = {
			isa = XCBuildConfiguration;
			buildSettings = {
				BUNDLE_LOADER = "$(TEST_HOST)";
				CLANG_ENABLE_MODULES = YES;
				CODE_SIGN_STYLE = Automatic;
				CURRENT_PROJECT_VERSION = 1;
				DEVELOPMENT_TEAM = 9WVBG69A9A;
				GENERATE_INFOPLIST_FILE = YES;
				IPHONEOS_DEPLOYMENT_TARGET = 17.2;
				MARKETING_VERSION = 1.0;
				PRODUCT_BUNDLE_IDENTIFIER = yuldshev.CinemarkTests;
				PRODUCT_NAME = "$(TARGET_NAME)";
				SUPPORTED_PLATFORMS = "iphoneos iphonesimulator";
				SUPPORTS_MACCATALYST = NO;
				SUPPORTS_MAC_DESIGNED_FOR_IPHONE_IPAD = NO;
				SUPPORTS_XR_DESIGNED_FOR_IPHONE_IPAD = NO;
				SWIFT_EMIT_LOC_STRINGS = NO;
				SWIFT_VERSION = 5.0;
				TARGETED_DEVICE_FAMILY = 1;
				TEST_HOST = "$(BUILT_PRODUCTS_DIR)/Cinemark.app/$(BUNDLE_EXECUTABLE_FOLDER_PATH)/Cinemark";
			};
			name = Release;
		};
/* End XCBuildConfiguration section */

/* Begin XCConfigurationList section */
		1392B1382E2CE6C000FADCE8 /* Build configuration list for PBXProject "Cinemark" */ = {
			isa = XCConfigurationList;
			buildConfigurations = (
				1392B1462E2CE6C100FADCE8 /* Debug */,
				1392B1472E2CE6C100FADCE8 /* Release */,
			);
			defaultConfigurationIsVisible = 0;
			defaultConfigurationName = Release;
		};
		1392B1482E2CE6C100FADCE8 /* Build configuration list for PBXNativeTarget "Cinemark" */ = {
			isa = XCConfigurationList;
			buildConfigurations = (
				1392B1492E2CE6C100FADCE8 /* Debug */,
				1392B14A2E2CE6C100FADCE8 /* Release */,
			);
			defaultConfigurationIsVisible = 0;
			defaultConfigurationName = Release;
		};
		1392B17D2E2D323D00FADCE8 /* Build configuration list for PBXNativeTarget "CinemarkTests" */ = {
			isa = XCConfigurationList;
			buildConfigurations = (
				1392B17E2E2D323D00FADCE8 /* Debug */,
				1392B17F2E2D323D00FADCE8 /* Release */,
			);
			defaultConfigurationIsVisible = 0;
			defaultConfigurationName = Release;
		};
/* End XCConfigurationList section */

/* Begin XCRemoteSwiftPackageReference section */
		133893342E2FA9D100EE46B4 /* XCRemoteSwiftPackageReference "Alamofire" */ = {
			isa = XCRemoteSwiftPackageReference;
			repositoryURL = "https://github.com/Alamofire/Alamofire.git";
			requirement = {
				kind = upToNextMajorVersion;
				minimumVersion = 5.10.2;
			};
		};
/* End XCRemoteSwiftPackageReference section */

/* Begin XCSwiftPackageProductDependency section */
		133893352E2FA9D100EE46B4 /* Alamofire */ = {
			isa = XCSwiftPackageProductDependency;
			package = 133893342E2FA9D100EE46B4 /* XCRemoteSwiftPackageReference "Alamofire" */;
			productName = Alamofire;
		};
/* End XCSwiftPackageProductDependency section */
	};
	rootObject = 1392B1352E2CE6C000FADCE8 /* Project object */;
}
